{
  "nodes": {
    "home-manager": {
      "inputs": {
        "nixpkgs": [
          "nixpkgs"
        ]
      },
      "locked": {
        "lastModified": 1682273416,
        "narHash": "sha256-YvRc5TOyf92Fcvt6cYfsqxfjqalAUME3Klv4IbdhkBE=",
        "owner": "nix-community",
        "repo": "home-manager",
        "rev": "a5a294a622a7d3a837aaa145334e4d813c1bc5b1",
        "type": "github"
      },
      "original": {
        "owner": "nix-community",
        "repo": "home-manager",
        "type": "github"
      }
    },
    "nixpkgs": {
      "locked": {
        "lastModified": 1682109806,
        "narHash": "sha256-d9g7RKNShMLboTWwukM+RObDWWpHKaqTYXB48clBWXI=",
        "owner": "NixOS",
        "repo": "nixpkgs",
        "rev": "2362848adf8def2866fabbffc50462e929d7fffb",
        "type": "github"
      },
      "original": {
        "owner": "NixOS",
        "ref": "nixpkgs-unstable",
        "repo": "nixpkgs",
        "type": "github"
      }
    },
    "nixpkgs-stable": {
      "locked": {
        "lastModified": 1682173319,
        "narHash": "sha256-tPhOpJJ+wrWIusvGgIB2+x6ILfDkEgQMX0BTtM5vd/4=",
        "owner": "NixOS",
        "repo": "nixpkgs",
        "rev": "ee7ec1c71adc47d2e3c2d5eb0d6b8fbbd42a8d1c",
        "type": "github"
      },
      "original": {
        "owner": "NixOS",
        "ref": "release-22.11",
        "repo": "nixpkgs",
        "type": "github"
      }
    },
    "root": {
      "inputs": {
        "home-manager": "home-manager",
        "nixpkgs": "nixpkgs",
        "sops-nix": "sops-nix"
      }
    },
    "sops-nix": {
      "inputs": {
        "nixpkgs": [
          "nixpkgs"
        ],
        "nixpkgs-stable": "nixpkgs-stable"
      },
      "locked": {
        "lastModified": 1682218555,
        "narHash": "sha256-kojMklCNBnPe8KtRvJvBtFGU/gPAqRKYpZEqyehHfn4=",
        "owner": "Mic92",
        "repo": "sops-nix",
        "rev": "8a95e6f8cd160a05c2b560e66f702432a53b59ac",
        "type": "github"
      },
      "original": {
        "owner": "Mic92",
        "repo": "sops-nix",
        "type": "github"
      }
    }
  },
  "root": "root",
  "version": 7
}
